// !$*UTF8*$!
{
	archiveVersion = 1;
	classes = {
	};
	objectVersion = 48;
	objects = {

/* Begin PBXBuildFile section */
		E4D40EE0202FBEE1004AE150 /* AppDelegate.swift in Sources */ = {isa = PBXBuildFile; fileRef = E4D40EDF202FBEE1004AE150 /* AppDelegate.swift */; };
		E4D40EE2202FBEE1004AE150 /* ViewController.swift in Sources */ = {isa = PBXBuildFile; fileRef = E4D40EE1202FBEE1004AE150 /* ViewController.swift */; };
		E4D40EE5202FBEE1004AE150 /* Main.storyboard in Resources */ = {isa = PBXBuildFile; fileRef = E4D40EE3202FBEE1004AE150 /* Main.storyboard */; };
		E4D40EE7202FBEE1004AE150 /* Assets.xcassets in Resources */ = {isa = PBXBuildFile; fileRef = E4D40EE6202FBEE1004AE150 /* Assets.xcassets */; };
		E4D40EEA202FBEE1004AE150 /* LaunchScreen.storyboard in Resources */ = {isa = PBXBuildFile; fileRef = E4D40EE8202FBEE1004AE150 /* LaunchScreen.storyboard */; };
		E4D40EF220325351004AE150 /* SwipingController.swift in Sources */ = {isa = PBXBuildFile; fileRef = E4D40EF120325351004AE150 /* SwipingController.swift */; };
		E4D40EF42032637A004AE150 /* PageCellView.swift in Sources */ = {isa = PBXBuildFile; fileRef = E4D40EF32032637A004AE150 /* PageCellView.swift */; };
		E4D40EF6203A46B4004AE150 /* PageModel.swift in Sources */ = {isa = PBXBuildFile; fileRef = E4D40EF5203A46B4004AE150 /* PageModel.swift */; };
		E4D40EFB203B9087004AE150 /* SwipingController+UICollectionView.swift in Sources */ = {isa = PBXBuildFile; fileRef = E4D40EFA203B9087004AE150 /* SwipingController+UICollectionView.swift */; };
		E4D40EFD203B9156004AE150 /* SwipingController+SwipeListener.swift in Sources */ = {isa = PBXBuildFile; fileRef = E4D40EFC203B9156004AE150 /* SwipingController+SwipeListener.swift */; };
/* End PBXBuildFile section */

/* Begin PBXFileReference section */
		E4D40EDC202FBEE1004AE150 /* lesson-autolayout.app */ = {isa = PBXFileReference; explicitFileType = wrapper.application; includeInIndex = 0; path = "lesson-autolayout.app"; sourceTree = BUILT_PRODUCTS_DIR; };
		E4D40EDF202FBEE1004AE150 /* AppDelegate.swift */ = {isa = PBXFileReference; lastKnownFileType = sourcecode.swift; path = AppDelegate.swift; sourceTree = "<group>"; };
		E4D40EE1202FBEE1004AE150 /* ViewController.swift */ = {isa = PBXFileReference; lastKnownFileType = sourcecode.swift; path = ViewController.swift; sourceTree = "<group>"; };
		E4D40EE4202FBEE1004AE150 /* Base */ = {isa = PBXFileReference; lastKnownFileType = file.storyboard; name = Base; path = Base.lproj/Main.storyboard; sourceTree = "<group>"; };
		E4D40EE6202FBEE1004AE150 /* Assets.xcassets */ = {isa = PBXFileReference; lastKnownFileType = folder.assetcatalog; path = Assets.xcassets; sourceTree = "<group>"; };
		E4D40EE9202FBEE1004AE150 /* Base */ = {isa = PBXFileReference; lastKnownFileType = file.storyboard; name = Base; path = Base.lproj/LaunchScreen.storyboard; sourceTree = "<group>"; };
		E4D40EEB202FBEE1004AE150 /* Info.plist */ = {isa = PBXFileReference; lastKnownFileType = text.plist.xml; path = Info.plist; sourceTree = "<group>"; };
		E4D40EF120325351004AE150 /* SwipingController.swift */ = {isa = PBXFileReference; lastKnownFileType = sourcecode.swift; path = SwipingController.swift; sourceTree = "<group>"; };
		E4D40EF32032637A004AE150 /* PageCellView.swift */ = {isa = PBXFileReference; lastKnownFileType = sourcecode.swift; path = PageCellView.swift; sourceTree = "<group>"; };
		E4D40EF5203A46B4004AE150 /* PageModel.swift */ = {isa = PBXFileReference; lastKnownFileType = sourcecode.swift; path = PageModel.swift; sourceTree = "<group>"; };
		E4D40EFA203B9087004AE150 /* SwipingController+UICollectionView.swift */ = {isa = PBXFileReference; lastKnownFileType = sourcecode.swift; path = "SwipingController+UICollectionView.swift"; sourceTree = "<group>"; };
		E4D40EFC203B9156004AE150 /* SwipingController+SwipeListener.swift */ = {isa = PBXFileReference; lastKnownFileType = sourcecode.swift; path = "SwipingController+SwipeListener.swift"; sourceTree = "<group>"; };
/* End PBXFileReference section */

/* Begin PBXFrameworksBuildPhase section */
		E4D40ED9202FBEE1004AE150 /* Frameworks */ = {
			isa = PBXFrameworksBuildPhase;
			buildActionMask = 2147483647;
			files = (
			);
			runOnlyForDeploymentPostprocessing = 0;
		};
/* End PBXFrameworksBuildPhase section */

/* Begin PBXGroup section */
		E4D40ED3202FBEE1004AE150 = {
			isa = PBXGroup;
			children = (
				E4D40EDE202FBEE1004AE150 /* lesson-autolayout */,
				E4D40EDD202FBEE1004AE150 /* Products */,
			);
			sourceTree = "<group>";
		};
		E4D40EDD202FBEE1004AE150 /* Products */ = {
			isa = PBXGroup;
			children = (
				E4D40EDC202FBEE1004AE150 /* lesson-autolayout.app */,
			);
			name = Products;
			sourceTree = "<group>";
		};
		E4D40EDE202FBEE1004AE150 /* lesson-autolayout */ = {
			isa = PBXGroup;
			children = (
				E4D40EF9203A4D65004AE150 /* controllers */,
				E4D40EF8203A4D5E004AE150 /* views */,
				E4D40EF7203A4D57004AE150 /* models */,
				E4D40EDF202FBEE1004AE150 /* AppDelegate.swift */,
				E4D40EE3202FBEE1004AE150 /* Main.storyboard */,
				E4D40EE6202FBEE1004AE150 /* Assets.xcassets */,
				E4D40EE8202FBEE1004AE150 /* LaunchScreen.storyboard */,
				E4D40EEB202FBEE1004AE150 /* Info.plist */,
			);
			path = "lesson-autolayout";
			sourceTree = "<group>";
		};
		E4D40EF7203A4D57004AE150 /* models */ = {
			isa = PBXGroup;
			children = (
				E4D40EF5203A46B4004AE150 /* PageModel.swift */,
			);
			path = models;
			sourceTree = "<group>";
		};
		E4D40EF8203A4D5E004AE150 /* views */ = {
			isa = PBXGroup;
			children = (
				E4D40EF32032637A004AE150 /* PageCellView.swift */,
			);
			path = views;
			sourceTree = "<group>";
		};
		E4D40EF9203A4D65004AE150 /* controllers */ = {
			isa = PBXGroup;
			children = (
				E4D40EE1202FBEE1004AE150 /* ViewController.swift */,
				E4D40EF120325351004AE150 /* SwipingController.swift */,
				E4D40EFA203B9087004AE150 /* SwipingController+UICollectionView.swift */,
				E4D40EFC203B9156004AE150 /* SwipingController+SwipeListener.swift */,
			);
			path = controllers;
			sourceTree = "<group>";
		};
/* End PBXGroup section */

/* Begin PBXNativeTarget section */
		E4D40EDB202FBEE1004AE150 /* lesson-autolayout */ = {
			isa = PBXNativeTarget;
			buildConfigurationList = E4D40EEE202FBEE1004AE150 /* Build configuration list for PBXNativeTarget "lesson-autolayout" */;
			buildPhases = (
				E4D40ED8202FBEE1004AE150 /* Sources */,
				E4D40ED9202FBEE1004AE150 /* Frameworks */,
				E4D40EDA202FBEE1004AE150 /* Resources */,
			);
			buildRules = (
			);
			dependencies = (
			);
			name = "lesson-autolayout";
			productName = "lesson-autolayout";
			productReference = E4D40EDC202FBEE1004AE150 /* lesson-autolayout.app */;
			productType = "com.apple.product-type.application";
		};
/* End PBXNativeTarget section */

/* Begin PBXProject section */
		E4D40ED4202FBEE1004AE150 /* Project object */ = {
			isa = PBXProject;
			attributes = {
				LastSwiftUpdateCheck = 0920;
				LastUpgradeCheck = 0920;
				ORGANIZATIONNAME = "Viacheslav Troian";
				TargetAttributes = {
					E4D40EDB202FBEE1004AE150 = {
						CreatedOnToolsVersion = 9.2;
						ProvisioningStyle = Automatic;
					};
				};
			};
			buildConfigurationList = E4D40ED7202FBEE1004AE150 /* Build configuration list for PBXProject "lesson-autolayout" */;
			compatibilityVersion = "Xcode 8.0";
			developmentRegion = en;
			hasScannedForEncodings = 0;
			knownRegions = (
				en,
				Base,
			);
			mainGroup = E4D40ED3202FBEE1004AE150;
			productRefGroup = E4D40EDD202FBEE1004AE150 /* Products */;
			projectDirPath = "";
			projectRoot = "";
			targets = (
				E4D40EDB202FBEE1004AE150 /* lesson-autolayout */,
			);
		};
/* End PBXProject section */

/* Begin PBXResourcesBuildPhase section */
		E4D40EDA202FBEE1004AE150 /* Resources */ = {
			isa = PBXResourcesBuildPhase;
			buildActionMask = 2147483647;
			files = (
				E4D40EEA202FBEE1004AE150 /* LaunchScreen.storyboard in Resources */,
				E4D40EE7202FBEE1004AE150 /* Assets.xcassets in Resources */,
				E4D40EE5202FBEE1004AE150 /* Main.storyboard in Resources */,
			);
			runOnlyForDeploymentPostprocessing = 0;
		};
/* End PBXResourcesBuildPhase section */

/* Begin PBXSourcesBuildPhase section */
		E4D40ED8202FBEE1004AE150 /* Sources */ = {
			isa = PBXSourcesBuildPhase;
			buildActionMask = 2147483647;
			files = (
				E4D40EFB203B9087004AE150 /* SwipingController+UICollectionView.swift in Sources */,
				E4D40EE2202FBEE1004AE150 /* ViewController.swift in Sources */,
				E4D40EE0202FBEE1004AE150 /* AppDelegate.swift in Sources */,
				E4D40EF42032637A004AE150 /* PageCellView.swift in Sources */,
				E4D40EF220325351004AE150 /* SwipingController.swift in Sources */,
				E4D40EFD203B9156004AE150 /* SwipingController+SwipeListener.swift in Sources */,
				E4D40EF6203A46B4004AE150 /* PageModel.swift in Sources */,
			);
			runOnlyForDeploymentPostprocessing = 0;
		};
/* End PBXSourcesBuildPhase section */

/* Begin PBXVariantGroup section */
		E4D40EE3202FBEE1004AE150 /* Main.storyboard */ = {
			isa = PBXVariantGroup;
			children = (
				E4D40EE4202FBEE1004AE150 /* Base */,
			);
			name = Main.storyboard;
			sourceTree = "<group>";
		};
		E4D40EE8202FBEE1004AE150 /* LaunchScreen.storyboard */ = {
			isa = PBXVariantGroup;
			children = (
				E4D40EE9202FBEE1004AE150 /* Base */,
			);
			name = LaunchScreen.storyboard;
			sourceTree = "<group>";
		};
/* End PBXVariantGroup section */

/* Begin XCBuildConfiguration section */
		E4D40EEC202FBEE1004AE150 /* Debug */ = {
			isa = XCBuildConfiguration;
			buildSettings = {
				ALWAYS_SEARCH_USER_PATHS = NO;
				CLANG_ANALYZER_NONNULL = YES;
				CLANG_ANALYZER_NUMBER_OBJECT_CONVERSION = YES_AGGRESSIVE;
				CLANG_CXX_LANGUAGE_STANDARD = "gnu++14";
				CLANG_CXX_LIBRARY = "libc++";
				CLANG_ENABLE_MODULES = YES;
				CLANG_ENABLE_OBJC_ARC = YES;
				CLANG_WARN_BLOCK_CAPTURE_AUTORELEASING = YES;
				CLANG_WARN_BOOL_CONVERSION = YES;
				CLANG_WARN_COMMA = YES;
				CLANG_WARN_CONSTANT_CONVERSION = YES;
				CLANG_WARN_DIRECT_OBJC_ISA_USAGE = YES_ERROR;
				CLANG_WARN_DOCUMENTATION_COMMENTS = YES;
				CLANG_WARN_EMPTY_BODY = YES;
				CLANG_WARN_ENUM_CONVERSION = YES;
				CLANG_WARN_INFINITE_RECURSION = YES;
				CLANG_WARN_INT_CONVERSION = YES;
				CLANG_WARN_NON_LITERAL_NULL_CONVERSION = YES;
				CLANG_WARN_OBJC_LITERAL_CONVERSION = YES;
				CLANG_WARN_OBJC_ROOT_CLASS = YES_ERROR;
				CLANG_WARN_RANGE_LOOP_ANALYSIS = YES;
				CLANG_WARN_STRICT_PROTOTYPES = YES;
				CLANG_WARN_SUSPICIOUS_MOVE = YES;
				CLANG_WARN_UNGUARDED_AVAILABILITY = YES_AGGRESSIVE;
				CLANG_WARN_UNREACHABLE_CODE = YES;
				CLANG_WARN__DUPLICATE_METHOD_MATCH = YES;
				CODE_SIGN_IDENTITY = "iPhone Developer";
				COPY_PHASE_STRIP = NO;
				DEBUG_INFORMATION_FORMAT = dwarf;
				ENABLE_STRICT_OBJC_MSGSEND = YES;
				ENABLE_TESTABILITY = YES;
				GCC_C_LANGUAGE_STANDARD = gnu11;
				GCC_DYNAMIC_NO_PIC = NO;
				GCC_NO_COMMON_BLOCKS = YES;
				GCC_OPTIMIZATION_LEVEL = 0;
				GCC_PREPROCESSOR_DEFINITIONS = (
					"DEBUG=1",
					"$(inherited)",
				);
				GCC_WARN_64_TO_32_BIT_CONVERSION = YES;
				GCC_WARN_ABOUT_RETURN_TYPE = YES_ERROR;
				GCC_WARN_UNDECLARED_SELECTOR = YES;
				GCC_WARN_UNINITIALIZED_AUTOS = YES_AGGRESSIVE;
				GCC_WARN_UNUSED_FUNCTION = YES;
				GCC_WARN_UNUSED_VARIABLE = YES;
				IPHONEOS_DEPLOYMENT_TARGET = 11.2;
				MTL_ENABLE_DEBUG_INFO = YES;
				ONLY_ACTIVE_ARCH = YES;
				SDKROOT = iphoneos;
				SWIFT_ACTIVE_COMPILATION_CONDITIONS = DEBUG;
				SWIFT_OPTIMIZATION_LEVEL = "-Onone";
			};
			name = Debug;
		};
		E4D40EED202FBEE1004AE150 /* Release */ = {
			isa = XCBuildConfiguration;
			buildSettings = {
				ALWAYS_SEARCH_USER_PATHS = NO;
				CLANG_ANALYZER_NONNULL = YES;
				CLANG_ANALYZER_NUMBER_OBJECT_CONVERSION = YES_AGGRESSIVE;
				CLANG_CXX_LANGUAGE_STANDARD = "gnu++14";
				CLANG_CXX_LIBRARY = "libc++";
				CLANG_ENABLE_MODULES = YES;
				CLANG_ENABLE_OBJC_ARC = YES;
				CLANG_WARN_BLOCK_CAPTURE_AUTORELEASING = YES;
				CLANG_WARN_BOOL_CONVERSION = YES;
				CLANG_WARN_COMMA = YES;
				CLANG_WARN_CONSTANT_CONVERSION = YES;
				CLANG_WARN_DIRECT_OBJC_ISA_USAGE = YES_ERROR;
				CLANG_WARN_DOCUMENTATION_COMMENTS = YES;
				CLANG_WARN_EMPTY_BODY = YES;
				CLANG_WARN_ENUM_CONVERSION = YES;
				CLANG_WARN_INFINITE_RECURSION = YES;
				CLANG_WARN_INT_CONVERSION = YES;
				CLANG_WARN_NON_LITERAL_NULL_CONVERSION = YES;
				CLANG_WARN_OBJC_LITERAL_CONVERSION = YES;
				CLANG_WARN_OBJC_ROOT_CLASS = YES_ERROR;
				CLANG_WARN_RANGE_LOOP_ANALYSIS = YES;
				CLANG_WARN_STRICT_PROTOTYPES = YES;
				CLANG_WARN_SUSPICIOUS_MOVE = YES;
				CLANG_WARN_UNGUARDED_AVAILABILITY = YES_AGGRESSIVE;
				CLANG_WARN_UNREACHABLE_CODE = YES;
				CLANG_WARN__DUPLICATE_METHOD_MATCH = YES;
				CODE_SIGN_IDENTITY = "iPhone Developer";
				COPY_PHASE_STRIP = NO;
				DEBUG_INFORMATION_FORMAT = "dwarf-with-dsym";
				ENABLE_NS_ASSERTIONS = NO;
				ENABLE_STRICT_OBJC_MSGSEND = YES;
				GCC_C_LANGUAGE_STANDARD = gnu11;
				GCC_NO_COMMON_BLOCKS = YES;
				GCC_WARN_64_TO_32_BIT_CONVERSION = YES;
				GCC_WARN_ABOUT_RETURN_TYPE = YES_ERROR;
				GCC_WARN_UNDECLARED_SELECTOR = YES;
				GCC_WARN_UNINITIALIZED_AUTOS = YES_AGGRESSIVE;
				GCC_WARN_UNUSED_FUNCTION = YES;
				GCC_WARN_UNUSED_VARIABLE = YES;
				IPHONEOS_DEPLOYMENT_TARGET = 11.2;
				MTL_ENABLE_DEBUG_INFO = NO;
				SDKROOT = iphoneos;
				SWIFT_OPTIMIZATION_LEVEL = "-Owholemodule";
				VALIDATE_PRODUCT = YES;
			};
			name = Release;
		};
		E4D40EEF202FBEE1004AE150 /* Debug */ = {
			isa = XCBuildConfiguration;
			buildSettings = {
				ASSETCATALOG_COMPILER_APPICON_NAME = AppIcon;
				CODE_SIGN_STYLE = Automatic;
				DEVELOPMENT_TEAM = L795RCSHUR;
				INFOPLIST_FILE = "lesson-autolayout/Info.plist";
				LD_RUNPATH_SEARCH_PATHS = "$(inherited) @executable_path/Frameworks";
				PRODUCT_BUNDLE_IDENTIFIER = "ua.com.slava.lesson-autolayout";
				PRODUCT_NAME = "$(TARGET_NAME)";
				SWIFT_VERSION = 4.0;
				TARGETED_DEVICE_FAMILY = "1,2";
			};
			name = Debug;
		};
		E4D40EF0202FBEE1004AE150 /* Release */ = {
			isa = XCBuildConfiguration;
			buildSettings = {
				ASSETCATALOG_COMPILER_APPICON_NAME = AppIcon;
				CODE_SIGN_STYLE = Automatic;
				DEVELOPMENT_TEAM = L795RCSHUR;
				INFOPLIST_FILE = "lesson-autolayout/Info.plist";
				LD_RUNPATH_SEARCH_PATHS = "$(inherited) @executable_path/Frameworks";
				PRODUCT_BUNDLE_IDENTIFIER = "ua.com.slava.lesson-autolayout";
				PRODUCT_NAME = "$(TARGET_NAME)";
				SWIFT_VERSION = 4.0;
				TARGETED_DEVICE_FAMILY = "1,2";
			};
			name = Release;
		};
/* End XCBuildConfiguration section */

/* Begin XCConfigurationList section */
		E4D40ED7202FBEE1004AE150 /* Build configuration list for PBXProject "lesson-autolayout" */ = {
			isa = XCConfigurationList;
			buildConfigurations = (
				E4D40EEC202FBEE1004AE150 /* Debug */,
				E4D40EED202FBEE1004AE150 /* Release */,
			);
			defaultConfigurationIsVisible = 0;
			defaultConfigurationName = Release;
		};
		E4D40EEE202FBEE1004AE150 /* Build configuration list for PBXNativeTarget "lesson-autolayout" */ = {
			isa = XCConfigurationList;
			buildConfigurations = (
				E4D40EEF202FBEE1004AE150 /* Debug */,
				E4D40EF0202FBEE1004AE150 /* Release */,
			);
			defaultConfigurationIsVisible = 0;
			defaultConfigurationName = Release;
		};
/* End XCConfigurationList section */
	};
	rootObject = E4D40ED4202FBEE1004AE150 /* Project object */;
}
